
Microsoft Visual Studio Solution File, Format Version 11.00
# Visual Studio Version 17

Project("{8BC9CEB8-8B4A-11D0-8D11-00A0C91BC942}") = "Midius - Standalone Plugin", "Midius_StandalonePlugin.vcxproj", "{D24C937C-9E27-E384-009F-065430A24039}"
	ProjectSection(ProjectDependencies) = postProject
		{BEC8A071-51FA-2743-2B93-AFEF499E3700} = {BEC8A071-51FA-2743-2B93-AFEF499E3700}
	EndProjectSection
EndProject
Project("{8BC9CEB8-8B4A-11D0-8D11-00A0C91BC942}") = "Midius - VST3", "Midius_VST3.vcxproj", "{6F397FC2-7A0E-7128-06DB-822C73E7F11E}"
	ProjectSection(ProjectDependencies) = postProject
		{BEC8A071-51FA-2743-2B93-AFEF499E3700} = {BEC8A071-51FA-2743-2B93-AFEF499E3700}
		{F03D611F-B61C-0411-40D9-A0ABDC9C0FDA} = {F03D611F-B61C-0411-40D9-A0ABDC9C0FDA}
	EndProjectSection
EndProject
Project("{8BC9CEB8-8B4A-11D0-8D11-00A0C91BC942}") = "Midius - Shared Code", "Midius_SharedCode.vcxproj", "{BEC8A071-51FA-2743-2B93-AFEF499E3700}"
EndProject
Project("{8BC9CEB8-8B4A-11D0-8D11-00A0C91BC942}") = "Midius - VST3 Manifest Helper", "Midius_VST3ManifestHelper.vcxproj", "{F03D611F-B61C-0411-40D9-A0ABDC9C0FDA}"
EndProject
Global
	GlobalSection(SolutionConfigurationPlatforms) = preSolution
		Debug|x64 = Debug|x64
		Release|x64 = Release|x64
	EndGlobalSection
	GlobalSection(ProjectConfigurationPlatforms) = postSolution
		{6F397FC2-7A0E-7128-06DB-822C73E7F11E}.Debug|x64.ActiveCfg = Debug|x64
		{6F397FC2-7A0E-7128-06DB-822C73E7F11E}.Debug|x64.Build.0 = Debug|x64
		{6F397FC2-7A0E-7128-06DB-822C73E7F11E}.Release|x64.ActiveCfg = Release|x64
		{6F397FC2-7A0E-7128-06DB-822C73E7F11E}.Release|x64.Build.0 = Release|x64
		{D24C937C-9E27-E384-009F-065430A24039}.Debug|x64.ActiveCfg = Debug|x64
		{D24C937C-9E27-E384-009F-065430A24039}.Debug|x64.Build.0 = Debug|x64
		{D24C937C-9E27-E384-009F-065430A24039}.Release|x64.ActiveCfg = Release|x64
		{D24C937C-9E27-E384-009F-065430A24039}.Release|x64.Build.0 = Release|x64
		{BEC8A071-51FA-2743-2B93-AFEF499E3700}.Debug|x64.ActiveCfg = Debug|x64
		{BEC8A071-51FA-2743-2B93-AFEF499E3700}.Debug|x64.Build.0 = Debug|x64
		{BEC8A071-51FA-2743-2B93-AFEF499E3700}.Release|x64.ActiveCfg = Release|x64
		{BEC8A071-51FA-2743-2B93-AFEF499E3700}.Release|x64.Build.0 = Release|x64
		{F03D611F-B61C-0411-40D9-A0ABDC9C0FDA}.Debug|x64.ActiveCfg = Debug|x64
		{F03D611F-B61C-0411-40D9-A0ABDC9C0FDA}.Debug|x64.Build.0 = Debug|x64
		{F03D611F-B61C-0411-40D9-A0ABDC9C0FDA}.Release|x64.ActiveCfg = Release|x64
		{F03D611F-B61C-0411-40D9-A0ABDC9C0FDA}.Release|x64.Build.0 = Release|x64
	EndGlobalSection
	GlobalSection(SolutionProperties) = preSolution
		HideSolutionNode = FALSE
	EndGlobalSection
EndGlobal
